
Microsoft Visual Studio Solution File, Format Version 12.00
# Visual Studio Version 16
VisualStudioVersion = 16.0.30804.86
MinimumVisualStudioVersion = 10.0.40219.1
Project("{FAE04EC0-301F-11D3-BF4B-00C04F79EFBC}") = "MotoiCal", "MotoiCal\MotoiCal.csproj", "{D2B8C93C-DC6E-4256-AB85-2A63E91C07E9}"
EndProject
Project("{9A19103F-16F7-4668-BE54-9A1E7A4F7556}") = "MotoiCal.UnitTests", "MotoiCalTests\MotoiCal.UnitTests.csproj", "{375207F3-1D3E-45F0-9707-B9DE7C0660EA}"
EndProject
Project("{FAE04EC0-301F-11D3-BF4B-00C04F79EFBC}") = "APIKeyCreator", "APIKeyCreator\APIKeyCreator.csproj", "{8F0A283A-7A7F-4904-9EFF-A80EB24B0EA8}"
EndProject
Global
	GlobalSection(SolutionConfigurationPlatforms) = preSolution
		Debug|Any CPU = Debug|Any CPU
		Release|Any CPU = Release|Any CPU
	EndGlobalSection
	GlobalSection(ProjectConfigurationPlatforms) = postSolution
		{D2B8C93C-DC6E-4256-AB85-2A63E91C07E9}.Debug|Any CPU.ActiveCfg = Debug|Any CPU
		{D2B8C93C-DC6E-4256-AB85-2A63E91C07E9}.Debug|Any CPU.Build.0 = Debug|Any CPU
		{D2B8C93C-DC6E-4256-AB85-2A63E91C07E9}.Release|Any CPU.ActiveCfg = Release|Any CPU
		{D2B8C93C-DC6E-4256-AB85-2A63E91C07E9}.Release|Any CPU.Build.0 = Release|Any CPU
		{375207F3-1D3E-45F0-9707-B9DE7C0660EA}.Debug|Any CPU.ActiveCfg = Debug|Any CPU
		{375207F3-1D3E-45F0-9707-B9DE7C0660EA}.Debug|Any CPU.Build.0 = Debug|Any CPU
		{375207F3-1D3E-45F0-9707-B9DE7C0660EA}.Release|Any CPU.ActiveCfg = Release|Any CPU
		{375207F3-1D3E-45F0-9707-B9DE7C0660EA}.Release|Any CPU.Build.0 = Release|Any CPU
		{8F0A283A-7A7F-4904-9EFF-A80EB24B0EA8}.Debug|Any CPU.ActiveCfg = Debug|Any CPU
		{8F0A283A-7A7F-4904-9EFF-A80EB24B0EA8}.Debug|Any CPU.Build.0 = Debug|Any CPU
		{8F0A283A-7A7F-4904-9EFF-A80EB24B0EA8}.Release|Any CPU.ActiveCfg = Release|Any CPU
		{8F0A283A-7A7F-4904-9EFF-A80EB24B0EA8}.Release|Any CPU.Build.0 = Release|Any CPU
	EndGlobalSection
	GlobalSection(SolutionProperties) = preSolution
		HideSolutionNode = FALSE
	EndGlobalSection
	GlobalSection(ExtensibilityGlobals) = postSolution
		SolutionGuid = {964CBE93-2CE0-4325-B90F-CBB5BF1B88C2}
	EndGlobalSection
EndGlobal
